
Microsoft Visual Studio Solution File, Format Version 12.00
# Visual Studio Version 16
VisualStudioVersion = 16.0.31025.194
MinimumVisualStudioVersion = 10.0.40219.1
Project("{9A19103F-16F7-4668-BE54-9A1E7A4F7556}") = "conrpggame", "conrpggame\conrpggame.csproj", "{364C68F6-48B1-4335-806F-E28B8EA59FB4}"
EndProject
Project("{9A19103F-16F7-4668-BE54-9A1E7A4F7556}") = "RpgCallUnitTest", "RpgCallUnitTest\RpgCallUnitTest.csproj", "{1E7D931D-071F-47D4-9EB7-8DAEF8E8A9C6}"
EndProject
Global
	GlobalSection(SolutionConfigurationPlatforms) = preSolution
		Debug|Any CPU = Debug|Any CPU
		Release|Any CPU = Release|Any CPU
	EndGlobalSection
	GlobalSection(ProjectConfigurationPlatforms) = postSolution
		{364C68F6-48B1-4335-806F-E28B8EA59FB4}.Debug|Any CPU.ActiveCfg = Debug|Any CPU
		{364C68F6-48B1-4335-806F-E28B8EA59FB4}.Debug|Any CPU.Build.0 = Debug|Any CPU
		{364C68F6-48B1-4335-806F-E28B8EA59FB4}.Release|Any CPU.ActiveCfg = Release|Any CPU
		{364C68F6-48B1-4335-806F-E28B8EA59FB4}.Release|Any CPU.Build.0 = Release|Any CPU
		{1E7D931D-071F-47D4-9EB7-8DAEF8E8A9C6}.Debug|Any CPU.ActiveCfg = Debug|Any CPU
		{1E7D931D-071F-47D4-9EB7-8DAEF8E8A9C6}.Debug|Any CPU.Build.0 = Debug|Any CPU
		{1E7D931D-071F-47D4-9EB7-8DAEF8E8A9C6}.Release|Any CPU.ActiveCfg = Release|Any CPU
		{1E7D931D-071F-47D4-9EB7-8DAEF8E8A9C6}.Release|Any CPU.Build.0 = Release|Any CPU
	EndGlobalSection
	GlobalSection(SolutionProperties) = preSolution
		HideSolutionNode = FALSE
	EndGlobalSection
	GlobalSection(ExtensibilityGlobals) = postSolution
		SolutionGuid = {904BCCD4-D2DE-41E7-83B1-910D902B5BAD}
	EndGlobalSection
EndGlobal
