
Microsoft Visual Studio Solution File, Format Version 12.00
# Visual Studio Version 16
VisualStudioVersion = 16.0.31025.194
MinimumVisualStudioVersion = 10.0.40219.1
Project("{9A19103F-16F7-4668-BE54-9A1E7A4F7556}") = "RPGConsoleTutorialSeries", "..\rpg-console-absolute-beginner-master\rpg-console-absolute-beginner-master\RPGConsoleTutorialSeries\RPGConsoleTutorialSeries.csproj", "{E191000B-62E9-48C5-A4BF-443622202BBA}"
EndProject
Project("{9A19103F-16F7-4668-BE54-9A1E7A4F7556}") = "RpgConsoleTutorialSeriesUnitTests", "..\rpg-console-absolute-beginner-master\rpg-console-absolute-beginner-master\RpgConsoleSeriesUnitTests\RpgConsoleTutorialSeriesUnitTests.csproj", "{D693D7D2-EDD7-4D0A-872E-1A489017238F}"
EndProject
Project("{9A19103F-16F7-4668-BE54-9A1E7A4F7556}") = "RPGUnit", "..\rpg-console-absolute-beginner-master\rpg-console-absolute-beginner-master\RPGUnit\RPGUnit.csproj", "{8C5AC3FE-E287-44C8-9263-84C683B9A2EC}"
EndProject
Global
	GlobalSection(SolutionConfigurationPlatforms) = preSolution
		Debug|Any CPU = Debug|Any CPU
		Release|Any CPU = Release|Any CPU
	EndGlobalSection
	GlobalSection(ProjectConfigurationPlatforms) = postSolution
		{E191000B-62E9-48C5-A4BF-443622202BBA}.Debug|Any CPU.ActiveCfg = Debug|Any CPU
		{E191000B-62E9-48C5-A4BF-443622202BBA}.Debug|Any CPU.Build.0 = Debug|Any CPU
		{E191000B-62E9-48C5-A4BF-443622202BBA}.Release|Any CPU.ActiveCfg = Release|Any CPU
		{E191000B-62E9-48C5-A4BF-443622202BBA}.Release|Any CPU.Build.0 = Release|Any CPU
		{D693D7D2-EDD7-4D0A-872E-1A489017238F}.Debug|Any CPU.ActiveCfg = Debug|Any CPU
		{D693D7D2-EDD7-4D0A-872E-1A489017238F}.Debug|Any CPU.Build.0 = Debug|Any CPU
		{D693D7D2-EDD7-4D0A-872E-1A489017238F}.Release|Any CPU.ActiveCfg = Release|Any CPU
		{D693D7D2-EDD7-4D0A-872E-1A489017238F}.Release|Any CPU.Build.0 = Release|Any CPU
		{8C5AC3FE-E287-44C8-9263-84C683B9A2EC}.Debug|Any CPU.ActiveCfg = Debug|Any CPU
		{8C5AC3FE-E287-44C8-9263-84C683B9A2EC}.Debug|Any CPU.Build.0 = Debug|Any CPU
		{8C5AC3FE-E287-44C8-9263-84C683B9A2EC}.Release|Any CPU.ActiveCfg = Release|Any CPU
		{8C5AC3FE-E287-44C8-9263-84C683B9A2EC}.Release|Any CPU.Build.0 = Release|Any CPU
	EndGlobalSection
	GlobalSection(SolutionProperties) = preSolution
		HideSolutionNode = FALSE
	EndGlobalSection
	GlobalSection(ExtensibilityGlobals) = postSolution
		SolutionGuid = {904BCCD4-D2DE-41E7-83B1-910D902B5BAD}
	EndGlobalSection
EndGlobal
